
Microsoft Visual Studio Solution File, Format Version 9.00
# Visual Studio 2005
Project("{8BC9CEB8-8B4A-11D0-8D11-00A0C91BC942}") = "seaweads_vs2005", "seaweads_vs2005.vcproj", "{507D5EB6-76FB-4680-B6B4-8F5CEFBABCB6}"
EndProject
Global
	GlobalSection(SolutionConfigurationPlatforms) = preSolution
		Debug|Win32 = Debug|Win32
		Release|Win32 = Release|Win32
	EndGlobalSection
	GlobalSection(ProjectConfigurationPlatforms) = postSolution
		{507D5EB6-76FB-4680-B6B4-8F5CEFBABCB6}.Debug|Win32.ActiveCfg = Debug|Win32
		{507D5EB6-76FB-4680-B6B4-8F5CEFBABCB6}.Debug|Win32.Build.0 = Debug|Win32
		{507D5EB6-76FB-4680-B6B4-8F5CEFBABCB6}.Release|Win32.ActiveCfg = Release|Win32
		{507D5EB6-76FB-4680-B6B4-8F5CEFBABCB6}.Release|Win32.Build.0 = Release|Win32
	EndGlobalSection
	GlobalSection(SolutionProperties) = preSolution
		HideSolutionNode = FALSE
	EndGlobalSection
	GlobalSection(ExtensibilityGlobals) = postSolution
		AMDCaProjectFile = C:\Documents and Settings\peter\workspace\seaweeds_cpp\CodeAnalyst\seaweads_vs2005.caw
	EndGlobalSection
EndGlobal
