
Microsoft Visual Studio Solution File, Format Version 10.00
# Visual Studio 2008
Project("{8BC9CEB8-8B4A-11D0-8D11-00A0C91BC942}") = "seaweeds_vc2008", "seaweeds_vc2008.vcproj", "{BC20CBA2-6B44-42D5-8467-3EF5FDF601EE}"
EndProject
Global
	GlobalSection(SolutionConfigurationPlatforms) = preSolution
		Debug|Win32 = Debug|Win32
		Release|Win32 = Release|Win32
	EndGlobalSection
	GlobalSection(ProjectConfigurationPlatforms) = postSolution
		{BC20CBA2-6B44-42D5-8467-3EF5FDF601EE}.Debug|Win32.ActiveCfg = Debug|Win32
		{BC20CBA2-6B44-42D5-8467-3EF5FDF601EE}.Debug|Win32.Build.0 = Debug|Win32
		{BC20CBA2-6B44-42D5-8467-3EF5FDF601EE}.Release|Win32.ActiveCfg = Release|Win32
		{BC20CBA2-6B44-42D5-8467-3EF5FDF601EE}.Release|Win32.Build.0 = Release|Win32
	EndGlobalSection
	GlobalSection(SolutionProperties) = preSolution
		HideSolutionNode = FALSE
	EndGlobalSection
	GlobalSection(ExtensibilityGlobals) = postSolution
		AMDCaProjectFile = C:\Users\peter\workspace\seaweeds\CodeAnalyst\seaweeds_vc2008.caw
	EndGlobalSection
EndGlobal
