<?xml version="1.0" encoding="utf-8"?>
<Project ToolsVersion="4.0" xmlns="http://schemas.microsoft.com/developer/msbuild/2003">
  <ItemGroup>
    <Filter Include="Source Files">
      <UniqueIdentifier>{4FC737F1-C7A5-4376-A066-2A32D752A2FF}</UniqueIdentifier>
      <Extensions>cpp;c;cc;cxx;def;odl;idl;hpj;bat;asm;asmx</Extensions>
    </Filter>
    <Filter Include="Header Files">
      <UniqueIdentifier>{93995380-89BD-4b04-88EB-625FBE52EBFB}</UniqueIdentifier>
      <Extensions>h;hpp;hxx;hm;inl;inc;xsd</Extensions>
    </Filter>
    <Filter Include="Resource Files">
      <UniqueIdentifier>{67DA6AB6-F800-4c08-8B7A-83BB121AAD01}</UniqueIdentifier>
      <Extensions>rc;ico;cur;bmp;dlg;rc2;rct;bin;rgs;gif;jpg;jpeg;jpe;resx;tiff;tif;png;wav</Extensions>
    </Filter>
  </ItemGroup>
  <ItemGroup>
    <ClCompile Include=".sconf_temp\conftest_0.cpp">
      <Filter>Source Files</Filter>
    </ClCompile>
    <ClCompile Include=".sconf_temp\conftest_1.cpp">
      <Filter>Source Files</Filter>
    </ClCompile>
    <ClCompile Include="src\PostprocessWindows.cpp">
      <Filter>Source Files</Filter>
    </ClCompile>
    <ClCompile Include="src\WindowAlignment_BSP.cpp">
      <Filter>Source Files</Filter>
    </ClCompile>
    <ClCompile Include="src\bspcpp\CommandLine.cpp">
      <Filter>Source Files</Filter>
    </ClCompile>
    <ClCompile Include="src\bspcpp\ParameterFile.cpp">
      <Filter>Source Files</Filter>
    </ClCompile>
    <ClCompile Include="src\bspcpp\singletons.cpp">
      <Filter>Source Files</Filter>
    </ClCompile>
    <ClCompile Include="src\bspcpp\timing.cpp">
      <Filter>Source Files</Filter>
    </ClCompile>
    <ClCompile Include="src\gpulib\seaweeds.cpp">
      <Filter>Source Files</Filter>
    </ClCompile>
    <ClCompile Include="src\gpulib\seaweeds_gpu.cpp">
      <Filter>Source Files</Filter>
    </ClCompile>
    <ClCompile Include="src\tests\bspcomputation.cpp">
      <Filter>Source Files</Filter>
    </ClCompile>
    <ClCompile Include="src\tests\dynamicprogramming_testing.cpp">
      <Filter>Source Files</Filter>
    </ClCompile>
    <ClCompile Include="src\tests\gpulibtesting.cpp">
      <Filter>Source Files</Filter>
    </ClCompile>
    <ClCompile Include="src\tests\lcstesting.cpp">
      <Filter>Source Files</Filter>
    </ClCompile>
    <ClCompile Include="src\tests\mwwtesting.cpp">
      <Filter>Source Files</Filter>
    </ClCompile>
    <ClCompile Include="src\tests\parameterfiletest.cpp">
      <Filter>Source Files</Filter>
    </ClCompile>
    <ClCompile Include="src\tests\rangecomparison.cpp">
      <Filter>Source Files</Filter>
    </ClCompile>
    <ClCompile Include="src\tests\rangecomparison2d.cpp">
      <Filter>Source Files</Filter>
    </ClCompile>
    <ClCompile Include="src\tests\rangetesting.cpp">
      <Filter>Source Files</Filter>
    </ClCompile>
    <ClCompile Include="src\tests\seaweedtesting.cpp">
      <Filter>Source Files</Filter>
    </ClCompile>
    <ClCompile Include="src\tests\seaweedtesting_reference.cpp">
      <Filter>Source Files</Filter>
    </ClCompile>
    <ClCompile Include="src\tests\timer.cpp">
      <Filter>Source Files</Filter>
    </ClCompile>
    <ClCompile Include="src\tests\windowlocalcomparison.cpp">
      <Filter>Source Files</Filter>
    </ClCompile>
    <ClCompile Include="src\tests\windowlocaltesting.cpp">
      <Filter>Source Files</Filter>
    </ClCompile>
    <ClCompile Include="src\tuning\rangetuning.cpp">
      <Filter>Source Files</Filter>
    </ClCompile>
    <ClCompile Include="src\xasmlib\xasmlib.c">
      <Filter>Source Files</Filter>
    </ClCompile>
  </ItemGroup>
  <ItemGroup>
    <None Include="src\xasmlib\machineword_AMD64.asm">
      <Filter>Source Files</Filter>
    </None>
    <None Include="src\xasmlib\machineword_AMD64_sse2.asm">
      <Filter>Source Files</Filter>
    </None>
    <None Include="src\xasmlib\machineword_x86.asm">
      <Filter>Source Files</Filter>
    </None>
    <None Include="src\xasmlib\machineword_x86_64.asm">
      <Filter>Source Files</Filter>
    </None>
    <None Include="src\xasmlib\machineword_x86_64_mmx.asm">
      <Filter>Source Files</Filter>
    </None>
    <None Include="src\xasmlib\machineword_x86_64_nommx.asm">
      <Filter>Source Files</Filter>
    </None>
    <None Include="src\xasmlib\machineword_x86_64_sse2.asm">
      <Filter>Source Files</Filter>
    </None>
    <None Include="src\xasmlib\machineword_x86_mmx.asm">
      <Filter>Source Files</Filter>
    </None>
    <None Include="src\xasmlib\machineword_x86_nommx.asm">
      <Filter>Source Files</Filter>
    </None>
    <None Include="src\xasmlib\machineword_x86_sse2.asm">
      <Filter>Source Files</Filter>
    </None>
  </ItemGroup>
  <ItemGroup>
    <ClInclude Include="tuning_config.h">
      <Filter>Header Files</Filter>
    </ClInclude>
    <ClInclude Include="my inspector results\r001mi2\source_cache\temporary_files\cache_371ea09d2643df91c86be245cf7d1c1c_avector.h">
      <Filter>Header Files</Filter>
    </ClInclude>
    <ClInclude Include="my inspector results\r001mi2\source_cache\temporary_files\cache_5cdd85934478c80b70f215b49d0af2b4_aligned_allocator.h">
      <Filter>Header Files</Filter>
    </ClInclude>
    <ClInclude Include="src\autoconfig.h">
      <Filter>Header Files</Filter>
    </ClInclude>
    <ClInclude Include="src\alignment\NWAlignment.h">
      <Filter>Header Files</Filter>
    </ClInclude>
    <ClInclude Include="src\bspcpp\Avector.h">
      <Filter>Header Files</Filter>
    </ClInclude>
    <ClInclude Include="src\bspcpp\bsp_cpp.h">
      <Filter>Header Files</Filter>
    </ClInclude>
    <ClInclude Include="src\bspcpp\CommandLine.h">
      <Filter>Header Files</Filter>
    </ClInclude>
    <ClInclude Include="src\bspcpp\Computation.h">
      <Filter>Header Files</Filter>
    </ClInclude>
    <ClInclude Include="src\bspcpp\ParameterFile.h">
      <Filter>Header Files</Filter>
    </ClInclude>
    <ClInclude Include="src\bspcpp\Permutation.h">
      <Filter>Header Files</Filter>
    </ClInclude>
    <ClInclude Include="src\bspcpp\ProcMapper.h">
      <Filter>Header Files</Filter>
    </ClInclude>
    <ClInclude Include="src\bspcpp\Superstep.h">
      <Filter>Header Files</Filter>
    </ClInclude>
    <ClInclude Include="src\bspcpp\tools\aligned_allocator.h">
      <Filter>Header Files</Filter>
    </ClInclude>
    <ClInclude Include="src\bspcpp\tools\singletons.h">
      <Filter>Header Files</Filter>
    </ClInclude>
    <ClInclude Include="src\bspcpp\tools\spawn.h">
      <Filter>Header Files</Filter>
    </ClInclude>
    <ClInclude Include="src\bspcpp\tools\utilities.h">
      <Filter>Header Files</Filter>
    </ClInclude>
    <ClInclude Include="src\checkpoint\checkpoint.h">
      <Filter>Header Files</Filter>
    </ClInclude>
    <ClInclude Include="src\datamodel\sequence.h">
      <Filter>Header Files</Filter>
    </ClInclude>
    <ClInclude Include="src\dynamicprogramming\dp_matrix.h">
      <Filter>Header Files</Filter>
    </ClInclude>
    <ClInclude Include="src\dynamicprogramming\dp_matrix_integer.h">
      <Filter>Header Files</Filter>
    </ClInclude>
    <ClInclude Include="src\gpulib\ATI_Gpulib.h">
      <Filter>Header Files</Filter>
    </ClInclude>
    <ClInclude Include="src\gpulib\seaweeds_gpu.h">
      <Filter>Header Files</Filter>
    </ClInclude>
    <ClInclude Include="src\gpulib\seaweeds_gpu_gpu.h">
      <Filter>Header Files</Filter>
    </ClInclude>
    <ClInclude Include="src\lcs\Llcs.h">
      <Filter>Header Files</Filter>
    </ClInclude>
    <ClInclude Include="src\lcs\LlcsCIPR.h">
      <Filter>Header Files</Filter>
    </ClInclude>
    <ClInclude Include="src\lcs\RationalScores.h">
      <Filter>Header Files</Filter>
    </ClInclude>
    <ClInclude Include="src\matrix\PermutationMatrix.h">
      <Filter>Header Files</Filter>
    </ClInclude>
    <ClInclude Include="src\rangesearching\BinTree.h">
      <Filter>Header Files</Filter>
    </ClInclude>
    <ClInclude Include="src\rangesearching\IRange.h">
      <Filter>Header Files</Filter>
    </ClInclude>
    <ClInclude Include="src\rangesearching\Range2D.h">
      <Filter>Header Files</Filter>
    </ClInclude>
    <ClInclude Include="src\rangesearching\RangeBenchmark.h">
      <Filter>Header Files</Filter>
    </ClInclude>
    <ClInclude Include="src\rangesearching\RangeBenchmark2D.h">
      <Filter>Header Files</Filter>
    </ClInclude>
    <ClInclude Include="src\rangesearching\RangeList.h">
      <Filter>Header Files</Filter>
    </ClInclude>
    <ClInclude Include="src\rangesearching\RangeTest.h">
      <Filter>Header Files</Filter>
    </ClInclude>
    <ClInclude Include="src\rangesearching\RangeTest2D.h">
      <Filter>Header Files</Filter>
    </ClInclude>
    <ClInclude Include="src\rangesearching\RangeTree.h">
      <Filter>Header Files</Filter>
    </ClInclude>
    <ClInclude Include="src\seaweeds\defs.h">
      <Filter>Header Files</Filter>
    </ClInclude>
    <ClInclude Include="src\seaweeds\MultiSeaweeds.h">
      <Filter>Header Files</Filter>
    </ClInclude>
    <ClInclude Include="src\seaweeds\ScoreMatrix.h">
      <Filter>Header Files</Filter>
    </ClInclude>
    <ClInclude Include="src\seaweeds\Seaweeds.h">
      <Filter>Header Files</Filter>
    </ClInclude>
    <ClInclude Include="src\seaweeds\sm_ExplicitStorage.h">
      <Filter>Header Files</Filter>
    </ClInclude>
    <ClInclude Include="src\seaweeds\sm_ImplicitStorage.h">
      <Filter>Header Files</Filter>
    </ClInclude>
    <ClInclude Include="src\tests\Testing.h">
      <Filter>Header Files</Filter>
    </ClInclude>
    <ClInclude Include="src\tuning\Timing.h">
      <Filter>Header Files</Filter>
    </ClInclude>
    <ClInclude Include="src\tuning\Tuning.h">
      <Filter>Header Files</Filter>
    </ClInclude>
    <ClInclude Include="src\util\rs_container.h">
      <Filter>Header Files</Filter>
    </ClInclude>
    <ClInclude Include="src\util\TypeList.h">
      <Filter>Header Files</Filter>
    </ClInclude>
    <ClInclude Include="src\windowlocal\boasson.h">
      <Filter>Header Files</Filter>
    </ClInclude>
    <ClInclude Include="src\windowlocal\naive.h">
      <Filter>Header Files</Filter>
    </ClInclude>
    <ClInclude Include="src\windowlocal\naive_cipr.h">
      <Filter>Header Files</Filter>
    </ClInclude>
    <ClInclude Include="src\windowlocal\report.h">
      <Filter>Header Files</Filter>
    </ClInclude>
    <ClInclude Include="src\windowlocal\scorematrix.h">
      <Filter>Header Files</Filter>
    </ClInclude>
    <ClInclude Include="src\windowlocal\seaweeds.h">
      <Filter>Header Files</Filter>
    </ClInclude>
    <ClInclude Include="src\windowwindow\alignmentplotcomputation.h">
      <Filter>Header Files</Filter>
    </ClInclude>
    <ClInclude Include="src\windowwindow\postprocesswindows.h">
      <Filter>Header Files</Filter>
    </ClInclude>
    <ClInclude Include="src\windowwindow\seaweedoverlap.h">
      <Filter>Header Files</Filter>
    </ClInclude>
    <ClInclude Include="src\windowwindow\splitwindowwindowlcs.h">
      <Filter>Header Files</Filter>
    </ClInclude>
    <ClInclude Include="src\windowwindow\translate_and_print.h">
      <Filter>Header Files</Filter>
    </ClInclude>
    <ClInclude Include="src\windowwindow\windowwindowlcs.h">
      <Filter>Header Files</Filter>
    </ClInclude>
    <ClInclude Include="src\xasmlib\CharMapping.h">
      <Filter>Header Files</Filter>
    </ClInclude>
    <ClInclude Include="src\xasmlib\functors.h">
      <Filter>Header Files</Filter>
    </ClInclude>
    <ClInclude Include="src\xasmlib\IntegerVector.h">
      <Filter>Header Files</Filter>
    </ClInclude>
    <ClInclude Include="src\xasmlib\IntegerVectorFixed.h">
      <Filter>Header Files</Filter>
    </ClInclude>
    <ClInclude Include="src\xasmlib\Queue.h">
      <Filter>Header Files</Filter>
    </ClInclude>
    <ClInclude Include="src\xasmlib\xasmlib.h">
      <Filter>Header Files</Filter>
    </ClInclude>
  </ItemGroup>
</Project>